// !$*UTF8*$!
{
	archiveVersion = 1;
	classes = {
	};
	objectVersion = 46;
	objects = {

/* Begin PBXBuildFile section */
		1CA26EF71BC28E1A00EBAE92 /* main.m in Sources */ = {isa = PBXBuildFile; fileRef = 1CA26EF61BC28E1A00EBAE92 /* main.m */; };
		1CA26EFA1BC28E1A00EBAE92 /* AppDelegate.m in Sources */ = {isa = PBXBuildFile; fileRef = 1CA26EF91BC28E1A00EBAE92 /* AppDelegate.m */; };
		1CA26EFD1BC28E1A00EBAE92 /* ViewController.m in Sources */ = {isa = PBXBuildFile; fileRef = 1CA26EFC1BC28E1A00EBAE92 /* ViewController.m */; };
		1CA26F001BC28E1A00EBAE92 /* Main.storyboard in Resources */ = {isa = PBXBuildFile; fileRef = 1CA26EFE1BC28E1A00EBAE92 /* Main.storyboard */; };
		1CA26F021BC28E1A00EBAE92 /* Assets.xcassets in Resources */ = {isa = PBXBuildFile; fileRef = 1CA26F011BC28E1A00EBAE92 /* Assets.xcassets */; };
		1CA26F051BC28E1A00EBAE92 /* LaunchScreen.storyboard in Resources */ = {isa = PBXBuildFile; fileRef = 1CA26F031BC28E1A00EBAE92 /* LaunchScreen.storyboard */; };
		1CA26F101BC28E1B00EBAE92 /* TableView_challenge_SolutionTests.m in Sources */ = {isa = PBXBuildFile; fileRef = 1CA26F0F1BC28E1B00EBAE92 /* TableView_challenge_SolutionTests.m */; };
		1CA26F1B1BC28E1B00EBAE92 /* TableView_challenge_SolutionUITests.m in Sources */ = {isa = PBXBuildFile; fileRef = 1CA26F1A1BC28E1B00EBAE92 /* TableView_challenge_SolutionUITests.m */; };
/* End PBXBuildFile section */

/* Begin PBXContainerItemProxy section */
		1CA26F0C1BC28E1B00EBAE92 /* PBXContainerItemProxy */ = {
			isa = PBXContainerItemProxy;
			containerPortal = 1CA26EEA1BC28E1A00EBAE92 /* Project object */;
			proxyType = 1;
			remoteGlobalIDString = 1CA26EF11BC28E1A00EBAE92;
			remoteInfo = "TableView challenge Solution";
		};
		1CA26F171BC28E1B00EBAE92 /* PBXContainerItemProxy */ = {
			isa = PBXContainerItemProxy;
			containerPortal = 1CA26EEA1BC28E1A00EBAE92 /* Project object */;
			proxyType = 1;
			remoteGlobalIDString = 1CA26EF11BC28E1A00EBAE92;
			remoteInfo = "TableView challenge Solution";
		};
/* End PBXContainerItemProxy section */

/* Begin PBXFileReference section */
		1CA26EF21BC28E1A00EBAE92 /* TableView challenge Solution.app */ = {isa = PBXFileReference; explicitFileType = wrapper.application; includeInIndex = 0; path = "TableView challenge Solution.app"; sourceTree = BUILT_PRODUCTS_DIR; };
		1CA26EF61BC28E1A00EBAE92 /* main.m */ = {isa = PBXFileReference; lastKnownFileType = sourcecode.c.objc; path = main.m; sourceTree = "<group>"; };
		1CA26EF81BC28E1A00EBAE92 /* AppDelegate.h */ = {isa = PBXFileReference; lastKnownFileType = sourcecode.c.h; path = AppDelegate.h; sourceTree = "<group>"; };
		1CA26EF91BC28E1A00EBAE92 /* AppDelegate.m */ = {isa = PBXFileReference; lastKnownFileType = sourcecode.c.objc; path = AppDelegate.m; sourceTree = "<group>"; };
		1CA26EFB1BC28E1A00EBAE92 /* ViewController.h */ = {isa = PBXFileReference; lastKnownFileType = sourcecode.c.h; path = ViewController.h; sourceTree = "<group>"; };
		1CA26EFC1BC28E1A00EBAE92 /* ViewController.m */ = {isa = PBXFileReference; lastKnownFileType = sourcecode.c.objc; path = ViewController.m; sourceTree = "<group>"; };
		1CA26EFF1BC28E1A00EBAE92 /* Base */ = {isa = PBXFileReference; lastKnownFileType = file.storyboard; name = Base; path = Base.lproj/Main.storyboard; sourceTree = "<group>"; };
		1CA26F011BC28E1A00EBAE92 /* Assets.xcassets */ = {isa = PBXFileReference; lastKnownFileType = folder.assetcatalog; path = Assets.xcassets; sourceTree = "<group>"; };
		1CA26F041BC28E1A00EBAE92 /* Base */ = {isa = PBXFileReference; lastKnownFileType = file.storyboard; name = Base; path = Base.lproj/LaunchScreen.storyboard; sourceTree = "<group>"; };
		1CA26F061BC28E1A00EBAE92 /* Info.plist */ = {isa = PBXFileReference; lastKnownFileType = text.plist.xml; path = Info.plist; sourceTree = "<group>"; };
		1CA26F0B1BC28E1B00EBAE92 /* TableView challenge SolutionTests.xctest */ = {isa = PBXFileReference; explicitFileType = wrapper.cfbundle; includeInIndex = 0; path = "TableView challenge SolutionTests.xctest"; sourceTree = BUILT_PRODUCTS_DIR; };
		1CA26F0F1BC28E1B00EBAE92 /* TableView_challenge_SolutionTests.m */ = {isa = PBXFileReference; lastKnownFileType = sourcecode.c.objc; path = TableView_challenge_SolutionTests.m; sourceTree = "<group>"; };
		1CA26F111BC28E1B00EBAE92 /* Info.plist */ = {isa = PBXFileReference; lastKnownFileType = text.plist.xml; path = Info.plist; sourceTree = "<group>"; };
		1CA26F161BC28E1B00EBAE92 /* TableView challenge SolutionUITests.xctest */ = {isa = PBXFileReference; explicitFileType = wrapper.cfbundle; includeInIndex = 0; path = "TableView challenge SolutionUITests.xctest"; sourceTree = BUILT_PRODUCTS_DIR; };
		1CA26F1A1BC28E1B00EBAE92 /* TableView_challenge_SolutionUITests.m */ = {isa = PBXFileReference; lastKnownFileType = sourcecode.c.objc; path = TableView_challenge_SolutionUITests.m; sourceTree = "<group>"; };
		1CA26F1C1BC28E1B00EBAE92 /* Info.plist */ = {isa = PBXFileReference; lastKnownFileType = text.plist.xml; path = Info.plist; sourceTree = "<group>"; };
/* End PBXFileReference section */

/* Begin PBXFrameworksBuildPhase section */
		1CA26EEF1BC28E1A00EBAE92 /* Frameworks */ = {
			isa = PBXFrameworksBuildPhase;
			buildActionMask = 2147483647;
			files = (
			);
			runOnlyForDeploymentPostprocessing = 0;
		};
		1CA26F081BC28E1B00EBAE92 /* Frameworks */ = {
			isa = PBXFrameworksBuildPhase;
			buildActionMask = 2147483647;
			files = (
			);
			runOnlyForDeploymentPostprocessing = 0;
		};
		1CA26F131BC28E1B00EBAE92 /* Frameworks */ = {
			isa = PBXFrameworksBuildPhase;
			buildActionMask = 2147483647;
			files = (
			);
			runOnlyForDeploymentPostprocessing = 0;
		};
/* End PBXFrameworksBuildPhase section */

/* Begin PBXGroup section */
		1CA26EE91BC28E1A00EBAE92 = {
			isa = PBXGroup;
			children = (
				1CA26EF41BC28E1A00EBAE92 /* TableView challenge Solution */,
				1CA26F0E1BC28E1B00EBAE92 /* TableView challenge SolutionTests */,
				1CA26F191BC28E1B00EBAE92 /* TableView challenge SolutionUITests */,
				1CA26EF31BC28E1A00EBAE92 /* Products */,
			);
			sourceTree = "<group>";
		};
		1CA26EF31BC28E1A00EBAE92 /* Products */ = {
			isa = PBXGroup;
			children = (
				1CA26EF21BC28E1A00EBAE92 /* TableView challenge Solution.app */,
				1CA26F0B1BC28E1B00EBAE92 /* TableView challenge SolutionTests.xctest */,
				1CA26F161BC28E1B00EBAE92 /* TableView challenge SolutionUITests.xctest */,
			);
			name = Products;
			sourceTree = "<group>";
		};
		1CA26EF41BC28E1A00EBAE92 /* TableView challenge Solution */ = {
			isa = PBXGroup;
			children = (
				1CA26EF81BC28E1A00EBAE92 /* AppDelegate.h */,
				1CA26EF91BC28E1A00EBAE92 /* AppDelegate.m */,
				1CA26EFB1BC28E1A00EBAE92 /* ViewController.h */,
				1CA26EFC1BC28E1A00EBAE92 /* ViewController.m */,
				1CA26EFE1BC28E1A00EBAE92 /* Main.storyboard */,
				1CA26F011BC28E1A00EBAE92 /* Assets.xcassets */,
				1CA26F031BC28E1A00EBAE92 /* LaunchScreen.storyboard */,
				1CA26F061BC28E1A00EBAE92 /* Info.plist */,
				1CA26EF51BC28E1A00EBAE92 /* Supporting Files */,
			);
			path = "TableView challenge Solution";
			sourceTree = "<group>";
		};
		1CA26EF51BC28E1A00EBAE92 /* Supporting Files */ = {
			isa = PBXGroup;
			children = (
				1CA26EF61BC28E1A00EBAE92 /* main.m */,
			);
			name = "Supporting Files";
			sourceTree = "<group>";
		};
		1CA26F0E1BC28E1B00EBAE92 /* TableView challenge SolutionTests */ = {
			isa = PBXGroup;
			children = (
				1CA26F0F1BC28E1B00EBAE92 /* TableView_challenge_SolutionTests.m */,
				1CA26F111BC28E1B00EBAE92 /* Info.plist */,
			);
			path = "TableView challenge SolutionTests";
			sourceTree = "<group>";
		};
		1CA26F191BC28E1B00EBAE92 /* TableView challenge SolutionUITests */ = {
			isa = PBXGroup;
			children = (
				1CA26F1A1BC28E1B00EBAE92 /* TableView_challenge_SolutionUITests.m */,
				1CA26F1C1BC28E1B00EBAE92 /* Info.plist */,
			);
			path = "TableView challenge SolutionUITests";
			sourceTree = "<group>";
		};
/* End PBXGroup section */

/* Begin PBXNativeTarget section */
		1CA26EF11BC28E1A00EBAE92 /* TableView challenge Solution */ = {
			isa = PBXNativeTarget;
			buildConfigurationList = 1CA26F1F1BC28E1B00EBAE92 /* Build configuration list for PBXNativeTarget "TableView challenge Solution" */;
			buildPhases = (
				1CA26EEE1BC28E1A00EBAE92 /* Sources */,
				1CA26EEF1BC28E1A00EBAE92 /* Frameworks */,
				1CA26EF01BC28E1A00EBAE92 /* Resources */,
			);
			buildRules = (
			);
			dependencies = (
			);
			name = "TableView challenge Solution";
			productName = "TableView challenge Solution";
			productReference = 1CA26EF21BC28E1A00EBAE92 /* TableView challenge Solution.app */;
			productType = "com.apple.product-type.application";
		};
		1CA26F0A1BC28E1B00EBAE92 /* TableView challenge SolutionTests */ = {
			isa = PBXNativeTarget;
			buildConfigurationList = 1CA26F221BC28E1B00EBAE92 /* Build configuration list for PBXNativeTarget "TableView challenge SolutionTests" */;
			buildPhases = (
				1CA26F071BC28E1B00EBAE92 /* Sources */,
				1CA26F081BC28E1B00EBAE92 /* Frameworks */,
				1CA26F091BC28E1B00EBAE92 /* Resources */,
			);
			buildRules = (
			);
			dependencies = (
				1CA26F0D1BC28E1B00EBAE92 /* PBXTargetDependency */,
			);
			name = "TableView challenge SolutionTests";
			productName = "TableView challenge SolutionTests";
			productReference = 1CA26F0B1BC28E1B00EBAE92 /* TableView challenge SolutionTests.xctest */;
			productType = "com.apple.product-type.bundle.unit-test";
		};
		1CA26F151BC28E1B00EBAE92 /* TableView challenge SolutionUITests */ = {
			isa = PBXNativeTarget;
			buildConfigurationList = 1CA26F251BC28E1B00EBAE92 /* Build configuration list for PBXNativeTarget "TableView challenge SolutionUITests" */;
			buildPhases = (
				1CA26F121BC28E1B00EBAE92 /* Sources */,
				1CA26F131BC28E1B00EBAE92 /* Frameworks */,
				1CA26F141BC28E1B00EBAE92 /* Resources */,
			);
			buildRules = (
			);
			dependencies = (
				1CA26F181BC28E1B00EBAE92 /* PBXTargetDependency */,
			);
			name = "TableView challenge SolutionUITests";
			productName = "TableView challenge SolutionUITests";
			productReference = 1CA26F161BC28E1B00EBAE92 /* TableView challenge SolutionUITests.xctest */;
			productType = "com.apple.product-type.bundle.ui-testing";
		};
/* End PBXNativeTarget section */

/* Begin PBXProject section */
		1CA26EEA1BC28E1A00EBAE92 /* Project object */ = {
			isa = PBXProject;
			attributes = {
				LastUpgradeCheck = 0700;
				ORGANIZATIONNAME = Continental;
				TargetAttributes = {
					1CA26EF11BC28E1A00EBAE92 = {
						CreatedOnToolsVersion = 7.0;
					};
					1CA26F0A1BC28E1B00EBAE92 = {
						CreatedOnToolsVersion = 7.0;
						TestTargetID = 1CA26EF11BC28E1A00EBAE92;
					};
					1CA26F151BC28E1B00EBAE92 = {
						CreatedOnToolsVersion = 7.0;
						TestTargetID = 1CA26EF11BC28E1A00EBAE92;
					};
				};
			};
			buildConfigurationList = 1CA26EED1BC28E1A00EBAE92 /* Build configuration list for PBXProject "TableView challenge Solution" */;
			compatibilityVersion = "Xcode 3.2";
			developmentRegion = English;
			hasScannedForEncodings = 0;
			knownRegions = (
				en,
				Base,
			);
			mainGroup = 1CA26EE91BC28E1A00EBAE92;
			productRefGroup = 1CA26EF31BC28E1A00EBAE92 /* Products */;
			projectDirPath = "";
			projectRoot = "";
			targets = (
				1CA26EF11BC28E1A00EBAE92 /* TableView challenge Solution */,
				1CA26F0A1BC28E1B00EBAE92 /* TableView challenge SolutionTests */,
				1CA26F151BC28E1B00EBAE92 /* TableView challenge SolutionUITests */,
			);
		};
/* End PBXProject section */

/* Begin PBXResourcesBuildPhase section */
		1CA26EF01BC28E1A00EBAE92 /* Resources */ = {
			isa = PBXResourcesBuildPhase;
			buildActionMask = 2147483647;
			files = (
				1CA26F051BC28E1A00EBAE92 /* LaunchScreen.storyboard in Resources */,
				1CA26F021BC28E1A00EBAE92 /* Assets.xcassets in Resources */,
				1CA26F001BC28E1A00EBAE92 /* Main.storyboard in Resources */,
			);
			runOnlyForDeploymentPostprocessing = 0;
		};
		1CA26F091BC28E1B00EBAE92 /* Resources */ = {
			isa = PBXResourcesBuildPhase;
			buildActionMask = 2147483647;
			files = (
			);
			runOnlyForDeploymentPostprocessing = 0;
		};
		1CA26F141BC28E1B00EBAE92 /* Resources */ = {
			isa = PBXResourcesBuildPhase;
			buildActionMask = 2147483647;
			files = (
			);
			runOnlyForDeploymentPostprocessing = 0;
		};
/* End PBXResourcesBuildPhase section */

/* Begin PBXSourcesBuildPhase section */
		1CA26EEE1BC28E1A00EBAE92 /* Sources */ = {
			isa = PBXSourcesBuildPhase;
			buildActionMask = 2147483647;
			files = (
				1CA26EFD1BC28E1A00EBAE92 /* ViewController.m in Sources */,
				1CA26EFA1BC28E1A00EBAE92 /* AppDelegate.m in Sources */,
				1CA26EF71BC28E1A00EBAE92 /* main.m in Sources */,
			);
			runOnlyForDeploymentPostprocessing = 0;
		};
		1CA26F071BC28E1B00EBAE92 /* Sources */ = {
			isa = PBXSourcesBuildPhase;
			buildActionMask = 2147483647;
			files = (
				1CA26F101BC28E1B00EBAE92 /* TableView_challenge_SolutionTests.m in Sources */,
			);
			runOnlyForDeploymentPostprocessing = 0;
		};
		1CA26F121BC28E1B00EBAE92 /* Sources */ = {
			isa = PBXSourcesBuildPhase;
			buildActionMask = 2147483647;
			files = (
				1CA26F1B1BC28E1B00EBAE92 /* TableView_challenge_SolutionUITests.m in Sources */,
			);
			runOnlyForDeploymentPostprocessing = 0;
		};
/* End PBXSourcesBuildPhase section */

/* Begin PBXTargetDependency section */
		1CA26F0D1BC28E1B00EBAE92 /* PBXTargetDependency */ = {
			isa = PBXTargetDependency;
			target = 1CA26EF11BC28E1A00EBAE92 /* TableView challenge Solution */;
			targetProxy = 1CA26F0C1BC28E1B00EBAE92 /* PBXContainerItemProxy */;
		};
		1CA26F181BC28E1B00EBAE92 /* PBXTargetDependency */ = {
			isa = PBXTargetDependency;
			target = 1CA26EF11BC28E1A00EBAE92 /* TableView challenge Solution */;
			targetProxy = 1CA26F171BC28E1B00EBAE92 /* PBXContainerItemProxy */;
		};
/* End PBXTargetDependency section */

/* Begin PBXVariantGroup section */
		1CA26EFE1BC28E1A00EBAE92 /* Main.storyboard */ = {
			isa = PBXVariantGroup;
			children = (
				1CA26EFF1BC28E1A00EBAE92 /* Base */,
			);
			name = Main.storyboard;
			sourceTree = "<group>";
		};
		1CA26F031BC28E1A00EBAE92 /* LaunchScreen.storyboard */ = {
			isa = PBXVariantGroup;
			children = (
				1CA26F041BC28E1A00EBAE92 /* Base */,
			);
			name = LaunchScreen.storyboard;
			sourceTree = "<group>";
		};
/* End PBXVariantGroup section */

/* Begin XCBuildConfiguration section */
		1CA26F1D1BC28E1B00EBAE92 /* Debug */ = {
			isa = XCBuildConfiguration;
			buildSettings = {
				ALWAYS_SEARCH_USER_PATHS = NO;
				CLANG_CXX_LANGUAGE_STANDARD = "gnu++0x";
				CLANG_CXX_LIBRARY = "libc++";
				CLANG_ENABLE_MODULES = YES;
				CLANG_ENABLE_OBJC_ARC = YES;
				CLANG_WARN_BOOL_CONVERSION = YES;
				CLANG_WARN_CONSTANT_CONVERSION = YES;
				CLANG_WARN_DIRECT_OBJC_ISA_USAGE = YES_ERROR;
				CLANG_WARN_EMPTY_BODY = YES;
				CLANG_WARN_ENUM_CONVERSION = YES;
				CLANG_WARN_INT_CONVERSION = YES;
				CLANG_WARN_OBJC_ROOT_CLASS = YES_ERROR;
				CLANG_WARN_UNREACHABLE_CODE = YES;
				CLANG_WARN__DUPLICATE_METHOD_MATCH = YES;
				"CODE_SIGN_IDENTITY[sdk=iphoneos*]" = "iPhone Developer";
				COPY_PHASE_STRIP = NO;
				DEBUG_INFORMATION_FORMAT = dwarf;
				ENABLE_STRICT_OBJC_MSGSEND = YES;
				ENABLE_TESTABILITY = YES;
				GCC_C_LANGUAGE_STANDARD = gnu99;
				GCC_DYNAMIC_NO_PIC = NO;
				GCC_NO_COMMON_BLOCKS = YES;
				GCC_OPTIMIZATION_LEVEL = 0;
				GCC_PREPROCESSOR_DEFINITIONS = (
					"DEBUG=1",
					"$(inherited)",
				);
				GCC_WARN_64_TO_32_BIT_CONVERSION = YES;
				GCC_WARN_ABOUT_RETURN_TYPE = YES_ERROR;
				GCC_WARN_UNDECLARED_SELECTOR = YES;
				GCC_WARN_UNINITIALIZED_AUTOS = YES_AGGRESSIVE;
				GCC_WARN_UNUSED_FUNCTION = YES;
				GCC_WARN_UNUSED_VARIABLE = YES;
				IPHONEOS_DEPLOYMENT_TARGET = 9.0;
				MTL_ENABLE_DEBUG_INFO = YES;
				ONLY_ACTIVE_ARCH = YES;
				SDKROOT = iphoneos;
			};
			name = Debug;
		};
		1CA26F1E1BC28E1B00EBAE92 /* Release */ = {
			isa = XCBuildConfiguration;
			buildSettings = {
				ALWAYS_SEARCH_USER_PATHS = NO;
				CLANG_CXX_LANGUAGE_STANDARD = "gnu++0x";
				CLANG_CXX_LIBRARY = "libc++";
				CLANG_ENABLE_MODULES = YES;
				CLANG_ENABLE_OBJC_ARC = YES;
				CLANG_WARN_BOOL_CONVERSION = YES;
				CLANG_WARN_CONSTANT_CONVERSION = YES;
				CLANG_WARN_DIRECT_OBJC_ISA_USAGE = YES_ERROR;
				CLANG_WARN_EMPTY_BODY = YES;
				CLANG_WARN_ENUM_CONVERSION = YES;
				CLANG_WARN_INT_CONVERSION = YES;
				CLANG_WARN_OBJC_ROOT_CLASS = YES_ERROR;
				CLANG_WARN_UNREACHABLE_CODE = YES;
				CLANG_WARN__DUPLICATE_METHOD_MATCH = YES;
				"CODE_SIGN_IDENTITY[sdk=iphoneos*]" = "iPhone Developer";
				COPY_PHASE_STRIP = NO;
				DEBUG_INFORMATION_FORMAT = "dwarf-with-dsym";
				ENABLE_NS_ASSERTIONS = NO;
				ENABLE_STRICT_OBJC_MSGSEND = YES;
				GCC_C_LANGUAGE_STANDARD = gnu99;
				GCC_NO_COMMON_BLOCKS = YES;
				GCC_WARN_64_TO_32_BIT_CONVERSION = YES;
				GCC_WARN_ABOUT_RETURN_TYPE = YES_ERROR;
				GCC_WARN_UNDECLARED_SELECTOR = YES;
				GCC_WARN_UNINITIALIZED_AUTOS = YES_AGGRESSIVE;
				GCC_WARN_UNUSED_FUNCTION = YES;
				GCC_WARN_UNUSED_VARIABLE = YES;
				IPHONEOS_DEPLOYMENT_TARGET = 9.0;
				MTL_ENABLE_DEBUG_INFO = NO;
				SDKROOT = iphoneos;
				VALIDATE_PRODUCT = YES;
			};
			name = Release;
		};
		1CA26F201BC28E1B00EBAE92 /* Debug */ = {
			isa = XCBuildConfiguration;
			buildSettings = {
				ASSETCATALOG_COMPILER_APPICON_NAME = AppIcon;
				INFOPLIST_FILE = "TableView challenge Solution/Info.plist";
				LD_RUNPATH_SEARCH_PATHS = "$(inherited) @executable_path/Frameworks";
				PRODUCT_BUNDLE_IDENTIFIER = "com.continental.roehl.philipp.TableView-challenge-Solution";
				PRODUCT_NAME = "$(TARGET_NAME)";
			};
			name = Debug;
		};
		1CA26F211BC28E1B00EBAE92 /* Release */ = {
			isa = XCBuildConfiguration;
			buildSettings = {
				ASSETCATALOG_COMPILER_APPICON_NAME = AppIcon;
				INFOPLIST_FILE = "TableView challenge Solution/Info.plist";
				LD_RUNPATH_SEARCH_PATHS = "$(inherited) @executable_path/Frameworks";
				PRODUCT_BUNDLE_IDENTIFIER = "com.continental.roehl.philipp.TableView-challenge-Solution";
				PRODUCT_NAME = "$(TARGET_NAME)";
			};
			name = Release;
		};
		1CA26F231BC28E1B00EBAE92 /* Debug */ = {
			isa = XCBuildConfiguration;
			buildSettings = {
				BUNDLE_LOADER = "$(TEST_HOST)";
				INFOPLIST_FILE = "TableView challenge SolutionTests/Info.plist";
				LD_RUNPATH_SEARCH_PATHS = "$(inherited) @executable_path/Frameworks @loader_path/Frameworks";
				PRODUCT_BUNDLE_IDENTIFIER = "com.continental.roehl.philipp.TableView-challenge-SolutionTests";
				PRODUCT_NAME = "$(TARGET_NAME)";
				TEST_HOST = "$(BUILT_PRODUCTS_DIR)/TableView challenge Solution.app/TableView challenge Solution";
			};
			name = Debug;
		};
		1CA26F241BC28E1B00EBAE92 /* Release */ = {
			isa = XCBuildConfiguration;
			buildSettings = {
				BUNDLE_LOADER = "$(TEST_HOST)";
				INFOPLIST_FILE = "TableView challenge SolutionTests/Info.plist";
				LD_RUNPATH_SEARCH_PATHS = "$(inherited) @executable_path/Frameworks @loader_path/Frameworks";
				PRODUCT_BUNDLE_IDENTIFIER = "com.continental.roehl.philipp.TableView-challenge-SolutionTests";
				PRODUCT_NAME = "$(TARGET_NAME)";
				TEST_HOST = "$(BUILT_PRODUCTS_DIR)/TableView challenge Solution.app/TableView challenge Solution";
			};
			name = Release;
		};
		1CA26F261BC28E1B00EBAE92 /* Debug */ = {
			isa = XCBuildConfiguration;
			buildSettings = {
				INFOPLIST_FILE = "TableView challenge SolutionUITests/Info.plist";
				LD_RUNPATH_SEARCH_PATHS = "$(inherited) @executable_path/Frameworks @loader_path/Frameworks";
				PRODUCT_BUNDLE_IDENTIFIER = "com.continental.roehl.philipp.TableView-challenge-SolutionUITests";
				PRODUCT_NAME = "$(TARGET_NAME)";
				TEST_TARGET_NAME = "TableView challenge Solution";
				USES_XCTRUNNER = YES;
			};
			name = Debug;
		};
		1CA26F271BC28E1B00EBAE92 /* Release */ = {
			isa = XCBuildConfiguration;
			buildSettings = {
				INFOPLIST_FILE = "TableView challenge SolutionUITests/Info.plist";
				LD_RUNPATH_SEARCH_PATHS = "$(inherited) @executable_path/Frameworks @loader_path/Frameworks";
				PRODUCT_BUNDLE_IDENTIFIER = "com.continental.roehl.philipp.TableView-challenge-SolutionUITests";
				PRODUCT_NAME = "$(TARGET_NAME)";
				TEST_TARGET_NAME = "TableView challenge Solution";
				USES_XCTRUNNER = YES;
			};
			name = Release;
		};
/* End XCBuildConfiguration section */

/* Begin XCConfigurationList section */
		1CA26EED1BC28E1A00EBAE92 /* Build configuration list for PBXProject "TableView challenge Solution" */ = {
			isa = XCConfigurationList;
			buildConfigurations = (
				1CA26F1D1BC28E1B00EBAE92 /* Debug */,
				1CA26F1E1BC28E1B00EBAE92 /* Release */,
			);
			defaultConfigurationIsVisible = 0;
			defaultConfigurationName = Release;
		};
		1CA26F1F1BC28E1B00EBAE92 /* Build configuration list for PBXNativeTarget "TableView challenge Solution" */ = {
			isa = XCConfigurationList;
			buildConfigurations = (
				1CA26F201BC28E1B00EBAE92 /* Debug */,
				1CA26F211BC28E1B00EBAE92 /* Release */,
			);
			defaultConfigurationIsVisible = 0;
		};
		1CA26F221BC28E1B00EBAE92 /* Build configuration list for PBXNativeTarget "TableView challenge SolutionTests" */ = {
			isa = XCConfigurationList;
			buildConfigurations = (
				1CA26F231BC28E1B00EBAE92 /* Debug */,
				1CA26F241BC28E1B00EBAE92 /* Release */,
			);
			defaultConfigurationIsVisible = 0;
		};
		1CA26F251BC28E1B00EBAE92 /* Build configuration list for PBXNativeTarget "TableView challenge SolutionUITests" */ = {
			isa = XCConfigurationList;
			buildConfigurations = (
				1CA26F261BC28E1B00EBAE92 /* Debug */,
				1CA26F271BC28E1B00EBAE92 /* Release */,
			);
			defaultConfigurationIsVisible = 0;
		};
/* End XCConfigurationList section */
	};
	rootObject = 1CA26EEA1BC28E1A00EBAE92 /* Project object */;
}
